
Microsoft Visual Studio Solution File, Format Version 12.00
# Visual Studio Version 16
VisualStudioVersion = 16.0.30611.23
MinimumVisualStudioVersion = 10.0.40219.1
Project("{FAE04EC0-301F-11D3-BF4B-00C04F79EFBC}") = "WebFormsBattleField", "WebFormsBattleField\WebFormsBattleField.csproj", "{B1E724FA-A988-4AAC-BD2F-329A73272A68}"
EndProject
Global
	GlobalSection(SolutionConfigurationPlatforms) = preSolution
		Debug|Any CPU = Debug|Any CPU
		Release|Any CPU = Release|Any CPU
	EndGlobalSection
	GlobalSection(ProjectConfigurationPlatforms) = postSolution
		{B1E724FA-A988-4AAC-BD2F-329A73272A68}.Debug|Any CPU.ActiveCfg = Debug|Any CPU
		{B1E724FA-A988-4AAC-BD2F-329A73272A68}.Debug|Any CPU.Build.0 = Debug|Any CPU
		{B1E724FA-A988-4AAC-BD2F-329A73272A68}.Release|Any CPU.ActiveCfg = Release|Any CPU
		{B1E724FA-A988-4AAC-BD2F-329A73272A68}.Release|Any CPU.Build.0 = Release|Any CPU
	EndGlobalSection
	GlobalSection(SolutionProperties) = preSolution
		HideSolutionNode = FALSE
	EndGlobalSection
	GlobalSection(ExtensibilityGlobals) = postSolution
		SolutionGuid = {2A5BB877-02FE-4357-8D59-7F7C0D5CFBFF}
	EndGlobalSection
EndGlobal
